Microsoft Visual Studio Solution File, Format Version 12.00
Project("{FAE04EC0-301F-11D3-BF4B-00C04F79EFBC}") = "Add Image Stamp to PDF", "Add_Image_Stamp_to_PDF.csproj", "{7375AE7A-A20D-49F1-A5F4-29758578730E}"
EndProject
Global
	GlobalSection(SolutionConfigurationPlatforms) = preSolution
		Debug|Any CPU = Debug|Any CPU
		Release|Any CPU = Release|Any CPU
	EndGlobalSection
	GlobalSection(ProjectConfigurationPlatforms) = postSolution
		{7375AE7A-A20D-49F1-A5F4-29758578730E}.Debug|Any CPU.ActiveCfg = Debug|Any CPU
		{7375AE7A-A20D-49F1-A5F4-29758578730E}.Debug|Any CPU.Build.0 = Debug|Any CPU
		{7375AE7A-A20D-49F1-A5F4-29758578730E}.Release|Any CPU.ActiveCfg = Release|Any CPU
		{7375AE7A-A20D-49F1-A5F4-29758578730E}.Release|Any CPU.Build.0 = Release|Any CPU
	EndGlobalSection
EndGlobal
