
Microsoft Visual Studio Solution File, Format Version 12.00
Project("{FAE04EC0-301F-11D3-BF4B-00C04F79EFBC}") = "Flatten PDF", "Flatten PDF\Flatten PDF.csproj", "{995CDC37-43EC-42BC-A038-AA3CEF36A432}"
EndProject
Global
	GlobalSection(SolutionConfigurationPlatforms) = preSolution
		Debug|Any CPU = Debug|Any CPU
		Release|Any CPU = Release|Any CPU
	EndGlobalSection
	GlobalSection(ProjectConfigurationPlatforms) = postSolution
		{995CDC37-43EC-42BC-A038-AA3CEF36A432}.Debug|Any CPU.ActiveCfg = Debug|Any CPU
		{995CDC37-43EC-42BC-A038-AA3CEF36A432}.Debug|Any CPU.Build.0 = Debug|Any CPU
		{995CDC37-43EC-42BC-A038-AA3CEF36A432}.Release|Any CPU.ActiveCfg = Release|Any CPU
		{995CDC37-43EC-42BC-A038-AA3CEF36A432}.Release|Any CPU.Build.0 = Release|Any CPU
	EndGlobalSection
EndGlobal
