Microsoft Visual Studio Solution File, Format Version 12.00
Project("{FAE04EC0-301F-11D3-BF4B-00C04F79EFBC}") = "Fill a PDF Form", "Fill a PDF Form\Fill a PDF Form.csproj", "{363CC173-1FA0-496C-BA74-A81870194BB7}"
EndProject
Global
	GlobalSection(SolutionConfigurationPlatforms) = preSolution
		Debug|Any CPU = Debug|Any CPU
		Release|Any CPU = Release|Any CPU
	EndGlobalSection
	GlobalSection(ProjectConfigurationPlatforms) = postSolution
		{363CC173-1FA0-496C-BA74-A81870194BB7}.Debug|Any CPU.ActiveCfg = Debug|Any CPU
		{363CC173-1FA0-496C-BA74-A81870194BB7}.Debug|Any CPU.Build.0 = Debug|Any CPU
		{363CC173-1FA0-496C-BA74-A81870194BB7}.Release|Any CPU.ActiveCfg = Release|Any CPU
		{363CC173-1FA0-496C-BA74-A81870194BB7}.Release|Any CPU.Build.0 = Release|Any CPU
	EndGlobalSection
EndGlobal
