Microsoft Visual Studio Solution File, Format Version 12.00
Project("{FAE04EC0-301F-11D3-BF4B-00C04F79EFBC}") = "Split PDF by Text", "Split_PDF_by_Text.csproj", "{2D1F0348-7F99-40C3-AC60-27F93492C161}"
EndProject
Global
	GlobalSection(SolutionConfigurationPlatforms) = preSolution
		Debug|Any CPU = Debug|Any CPU
		Release|Any CPU = Release|Any CPU
	EndGlobalSection
	GlobalSection(ProjectConfigurationPlatforms) = postSolution
		{2D1F0348-7F99-40C3-AC60-27F93492C161}.Debug|Any CPU.ActiveCfg = Debug|Any CPU
		{2D1F0348-7F99-40C3-AC60-27F93492C161}.Debug|Any CPU.Build.0 = Debug|Any CPU
		{2D1F0348-7F99-40C3-AC60-27F93492C161}.Release|Any CPU.ActiveCfg = Release|Any CPU
		{2D1F0348-7F99-40C3-AC60-27F93492C161}.Release|Any CPU.Build.0 = Release|Any CPU
	EndGlobalSection
EndGlobal
