
Microsoft Visual Studio Solution File, Format Version 12.00
Project("{FAE04EC0-301F-11D3-BF4B-00C04F79EFBC}") = "Repair PDF Document", "Repair PDF Document\Repair PDF Document.csproj", "{20EFD49D-08A3-4A84-816C-9D152D73D2EF}"
EndProject
Global
	GlobalSection(SolutionConfigurationPlatforms) = preSolution
		Debug|Any CPU = Debug|Any CPU
		Release|Any CPU = Release|Any CPU
	EndGlobalSection
	GlobalSection(ProjectConfigurationPlatforms) = postSolution
		{20EFD49D-08A3-4A84-816C-9D152D73D2EF}.Debug|Any CPU.ActiveCfg = Debug|Any CPU
		{20EFD49D-08A3-4A84-816C-9D152D73D2EF}.Debug|Any CPU.Build.0 = Debug|Any CPU
		{20EFD49D-08A3-4A84-816C-9D152D73D2EF}.Release|Any CPU.ActiveCfg = Release|Any CPU
		{20EFD49D-08A3-4A84-816C-9D152D73D2EF}.Release|Any CPU.Build.0 = Release|Any CPU
	EndGlobalSection
EndGlobal
