
Microsoft Visual Studio Solution File, Format Version 12.00
Project("{FAE04EC0-301F-11D3-BF4B-00C04F79EFBC}") = "Convert PDF to Word", "Convert PDF to Word\Convert PDF to Word.csproj", "{B28154D3-0D16-42AD-AF27-B0FE49265ABC}"
EndProject
Global
	GlobalSection(SolutionConfigurationPlatforms) = preSolution
		Debug|Any CPU = Debug|Any CPU
		Release|Any CPU = Release|Any CPU
	EndGlobalSection
	GlobalSection(ProjectConfigurationPlatforms) = postSolution
		{B28154D3-0D16-42AD-AF27-B0FE49265ABC}.Debug|Any CPU.ActiveCfg = Debug|Any CPU
		{B28154D3-0D16-42AD-AF27-B0FE49265ABC}.Debug|Any CPU.Build.0 = Debug|Any CPU
		{B28154D3-0D16-42AD-AF27-B0FE49265ABC}.Release|Any CPU.ActiveCfg = Release|Any CPU
		{B28154D3-0D16-42AD-AF27-B0FE49265ABC}.Release|Any CPU.Build.0 = Release|Any CPU
	EndGlobalSection
EndGlobal
