
Microsoft Visual Studio Solution File, Format Version 12.00
Project("{FAE04EC0-301F-11D3-BF4B-00C04F79EFBC}") = "Convert to PDF", "Convert to PDF\Convert to PDF.csproj", "{253FB7F2-30BC-4A13-B5F5-33C39782993A}"
EndProject
Global
	GlobalSection(SolutionConfigurationPlatforms) = preSolution
		Debug|Any CPU = Debug|Any CPU
		Release|Any CPU = Release|Any CPU
	EndGlobalSection
	GlobalSection(ProjectConfigurationPlatforms) = postSolution
		{253FB7F2-30BC-4A13-B5F5-33C39782993A}.Debug|Any CPU.ActiveCfg = Debug|Any CPU
		{253FB7F2-30BC-4A13-B5F5-33C39782993A}.Debug|Any CPU.Build.0 = Debug|Any CPU
		{253FB7F2-30BC-4A13-B5F5-33C39782993A}.Release|Any CPU.ActiveCfg = Release|Any CPU
		{253FB7F2-30BC-4A13-B5F5-33C39782993A}.Release|Any CPU.Build.0 = Release|Any CPU
	EndGlobalSection
EndGlobal
