
Microsoft Visual Studio Solution File, Format Version 12.00
Project("{FAE04EC0-301F-11D3-BF4B-00C04F79EFBC}") = "Get Document from PDF4me", "Get Document from PDF4me\Get Document from PDF4me.csproj", "{3C929F91-9019-4A54-8116-469B606AB62F}"
EndProject
Global
	GlobalSection(SolutionConfigurationPlatforms) = preSolution
		Debug|Any CPU = Debug|Any CPU
		Release|Any CPU = Release|Any CPU
	EndGlobalSection
	GlobalSection(ProjectConfigurationPlatforms) = postSolution
		{3C929F91-9019-4A54-8116-469B606AB62F}.Debug|Any CPU.ActiveCfg = Debug|Any CPU
		{3C929F91-9019-4A54-8116-469B606AB62F}.Debug|Any CPU.Build.0 = Debug|Any CPU
		{3C929F91-9019-4A54-8116-469B606AB62F}.Release|Any CPU.ActiveCfg = Release|Any CPU
		{3C929F91-9019-4A54-8116-469B606AB62F}.Release|Any CPU.Build.0 = Release|Any CPU
	EndGlobalSection
EndGlobal
