
Microsoft Visual Studio Solution File, Format Version 12.00
Project("{FAE04EC0-301F-11D3-BF4B-00C04F79EFBC}") = "Convert Image Format", "Convert Image Format\Convert Image Format.csproj", "{95A7B000-862C-49D0-AD24-B384841D705F}"
EndProject
Global
	GlobalSection(SolutionConfigurationPlatforms) = preSolution
		Debug|Any CPU = Debug|Any CPU
		Release|Any CPU = Release|Any CPU
	EndGlobalSection
	GlobalSection(ProjectConfigurationPlatforms) = postSolution
		{95A7B000-862C-49D0-AD24-B384841D705F}.Debug|Any CPU.ActiveCfg = Debug|Any CPU
		{95A7B000-862C-49D0-AD24-B384841D705F}.Debug|Any CPU.Build.0 = Debug|Any CPU
		{95A7B000-862C-49D0-AD24-B384841D705F}.Release|Any CPU.ActiveCfg = Release|Any CPU
		{95A7B000-862C-49D0-AD24-B384841D705F}.Release|Any CPU.Build.0 = Release|Any CPU
	EndGlobalSection
EndGlobal
