Microsoft Visual Studio Solution File, Format Version 12.00
Project("{FAE04EC0-301F-11D3-BF4B-00C04F79EFBC}") = "Generate Document Single", "Generate Document Single.csproj", "{429328FE-C562-4DE3-92B5-819809A8BAA5}"
EndProject
Global
	GlobalSection(SolutionConfigurationPlatforms) = preSolution
		Debug|Any CPU = Debug|Any CPU
		Release|Any CPU = Release|Any CPU
	EndGlobalSection
	GlobalSection(ProjectConfigurationPlatforms) = postSolution
		{429328FE-C562-4DE3-92B5-819809A8BAA5}.Debug|Any CPU.ActiveCfg = Debug|Any CPU
		{429328FE-C562-4DE3-92B5-819809A8BAA5}.Debug|Any CPU.Build.0 = Debug|Any CPU
		{429328FE-C562-4DE3-92B5-819809A8BAA5}.Release|Any CPU.ActiveCfg = Release|Any CPU
		{429328FE-C562-4DE3-92B5-819809A8BAA5}.Release|Any CPU.Build.0 = Release|Any CPU
	EndGlobalSection
EndGlobal
