Microsoft Visual Studio Solution File, Format Version 12.00
Project("{FAE04EC0-301F-11D3-BF4B-00C04F79EFBC}") = "Extract_Text_by_Expression", "Extract_Text_by_Expression.csproj", "{484A448D-57A2-4132-B71B-B843E1A8C171}"
EndProject
Global
	GlobalSection(SolutionConfigurationPlatforms) = preSolution
		Debug|Any CPU = Debug|Any CPU
		Release|Any CPU = Release|Any CPU
	EndGlobalSection
	GlobalSection(ProjectConfigurationPlatforms) = postSolution
		{484A448D-57A2-4132-B71B-B843E1A8C171}.Debug|Any CPU.ActiveCfg = Debug|Any CPU
		{484A448D-57A2-4132-B71B-B843E1A8C171}.Debug|Any CPU.Build.0 = Debug|Any CPU
		{484A448D-57A2-4132-B71B-B843E1A8C171}.Release|Any CPU.ActiveCfg = Release|Any CPU
		{484A448D-57A2-4132-B71B-B843E1A8C171}.Release|Any CPU.Build.0 = Release|Any CPU
	EndGlobalSection
EndGlobal
