Microsoft Visual Studio Solution File, Format Version 12.00
Project("{FAE04EC0-301F-11D3-BF4B-00C04F79EFBC}") = "Add Text Stamp to PDF", "Add_Text_Stamp_to_PDF.csproj", "{F9333DAE-6151-4BB4-982B-B40477B1F965}"
EndProject
Global
	GlobalSection(SolutionConfigurationPlatforms) = preSolution
		Debug|Any CPU = Debug|Any CPU
		Release|Any CPU = Release|Any CPU
	EndGlobalSection
	GlobalSection(ProjectConfigurationPlatforms) = postSolution
		{F9333DAE-6151-4BB4-982B-B40477B1F965}.Debug|Any CPU.ActiveCfg = Debug|Any CPU
		{F9333DAE-6151-4BB4-982B-B40477B1F965}.Debug|Any CPU.Build.0 = Debug|Any CPU
		{F9333DAE-6151-4BB4-982B-B40477B1F965}.Release|Any CPU.ActiveCfg = Release|Any CPU
		{F9333DAE-6151-4BB4-982B-B40477B1F965}.Release|Any CPU.Build.0 = Release|Any CPU
	EndGlobalSection
EndGlobal
