
Microsoft Visual Studio Solution File, Format Version 12.00
Project("{FAE04EC0-301F-11D3-BF4B-00C04F79EFBC}") = "Convert Markdown To PDF", "Convert Markdown To PDF\Convert Markdown To PDF.csproj", "{9DFA1074-C55E-45A7-890A-E0225DDD0C63}"
EndProject
Global
	GlobalSection(SolutionConfigurationPlatforms) = preSolution
		Debug|Any CPU = Debug|Any CPU
		Release|Any CPU = Release|Any CPU
	EndGlobalSection
	GlobalSection(ProjectConfigurationPlatforms) = postSolution
		{9DFA1074-C55E-45A7-890A-E0225DDD0C63}.Debug|Any CPU.ActiveCfg = Debug|Any CPU
		{9DFA1074-C55E-45A7-890A-E0225DDD0C63}.Debug|Any CPU.Build.0 = Debug|Any CPU
		{9DFA1074-C55E-45A7-890A-E0225DDD0C63}.Release|Any CPU.ActiveCfg = Release|Any CPU
		{9DFA1074-C55E-45A7-890A-E0225DDD0C63}.Release|Any CPU.Build.0 = Release|Any CPU
	EndGlobalSection
EndGlobal
