
Microsoft Visual Studio Solution File, Format Version 12.00
Project("{FAE04EC0-301F-11D3-BF4B-00C04F79EFBC}") = "Create SwissQR Bill", "Create SwissQR Bill\Create SwissQR Bill.csproj", "{831DFC20-8775-450A-816F-DDCADA7FF314}"
EndProject
Global
	GlobalSection(SolutionConfigurationPlatforms) = preSolution
		Debug|Any CPU = Debug|Any CPU
		Release|Any CPU = Release|Any CPU
	EndGlobalSection
	GlobalSection(ProjectConfigurationPlatforms) = postSolution
		{831DFC20-8775-450A-816F-DDCADA7FF314}.Debug|Any CPU.ActiveCfg = Debug|Any CPU
		{831DFC20-8775-450A-816F-DDCADA7FF314}.Debug|Any CPU.Build.0 = Debug|Any CPU
		{831DFC20-8775-450A-816F-DDCADA7FF314}.Release|Any CPU.ActiveCfg = Release|Any CPU
		{831DFC20-8775-450A-816F-DDCADA7FF314}.Release|Any CPU.Build.0 = Release|Any CPU
	EndGlobalSection
EndGlobal
