
Microsoft Visual Studio Solution File, Format Version 12.00
Project("{FAE04EC0-301F-11D3-BF4B-00C04F79EFBC}") = "Remove EXIF Tags From Image", "Remove EXIF Tags From Image\Remove EXIF Tags From Image.csproj", "{96DC7037-3341-4CDF-A87C-4EFBE07C6C87}"
EndProject
Global
	GlobalSection(SolutionConfigurationPlatforms) = preSolution
		Debug|Any CPU = Debug|Any CPU
		Release|Any CPU = Release|Any CPU
	EndGlobalSection
	GlobalSection(ProjectConfigurationPlatforms) = postSolution
		{96DC7037-3341-4CDF-A87C-4EFBE07C6C87}.Debug|Any CPU.ActiveCfg = Debug|Any CPU
		{96DC7037-3341-4CDF-A87C-4EFBE07C6C87}.Debug|Any CPU.Build.0 = Debug|Any CPU
		{96DC7037-3341-4CDF-A87C-4EFBE07C6C87}.Release|Any CPU.ActiveCfg = Release|Any CPU
		{96DC7037-3341-4CDF-A87C-4EFBE07C6C87}.Release|Any CPU.Build.0 = Release|Any CPU
	EndGlobalSection
EndGlobal
