
Microsoft Visual Studio Solution File, Format Version 12.00
Project("{FAE04EC0-301F-11D3-BF4B-00C04F79EFBC}") = "Get PDF Metadata", "Get PDF Metadata \Get PDF Metadata.csproj", "{F79AF2FD-67CC-4E47-AD28-CDA46BBBFB7C}"
EndProject
Global
	GlobalSection(SolutionConfigurationPlatforms) = preSolution
		Debug|Any CPU = Debug|Any CPU
		Release|Any CPU = Release|Any CPU
	EndGlobalSection
	GlobalSection(ProjectConfigurationPlatforms) = postSolution
		{F79AF2FD-67CC-4E47-AD28-CDA46BBBFB7C}.Debug|Any CPU.ActiveCfg = Debug|Any CPU
		{F79AF2FD-67CC-4E47-AD28-CDA46BBBFB7C}.Debug|Any CPU.Build.0 = Debug|Any CPU
		{F79AF2FD-67CC-4E47-AD28-CDA46BBBFB7C}.Release|Any CPU.ActiveCfg = Release|Any CPU
		{F79AF2FD-67CC-4E47-AD28-CDA46BBBFB7C}.Release|Any CPU.Build.0 = Release|Any CPU
	EndGlobalSection
EndGlobal
