
Microsoft Visual Studio Solution File, Format Version 12.00
Project("{FAE04EC0-301F-11D3-BF4B-00C04F79EFBC}") = "Find and Replace Text", "Find and Replace Text\Find and Replace Text.csproj", "{223252B7-740B-4CE1-95A3-C431530CA237}"
EndProject
Global
	GlobalSection(SolutionConfigurationPlatforms) = preSolution
		Debug|Any CPU = Debug|Any CPU
		Release|Any CPU = Release|Any CPU
	EndGlobalSection
	GlobalSection(ProjectConfigurationPlatforms) = postSolution
		{223252B7-740B-4CE1-95A3-C431530CA237}.Debug|Any CPU.ActiveCfg = Debug|Any CPU
		{223252B7-740B-4CE1-95A3-C431530CA237}.Debug|Any CPU.Build.0 = Debug|Any CPU
		{223252B7-740B-4CE1-95A3-C431530CA237}.Release|Any CPU.ActiveCfg = Release|Any CPU
		{223252B7-740B-4CE1-95A3-C431530CA237}.Release|Any CPU.Build.0 = Release|Any CPU
	EndGlobalSection
EndGlobal
